
Microsoft Visual Studio Solution File, Format Version 12.00
# Visual Studio 15
VisualStudioVersion = 15.0.27130.2003
MinimumVisualStudioVersion = 10.0.40219.1
Project("{FAE04EC0-301F-11D3-BF4B-00C04F79EFBC}") = "Zmijica", "Zmijica\Zmijica.csproj", "{865907E1-8BAA-4BD3-9683-1D430595E31E}"
EndProject
Project("{FAE04EC0-301F-11D3-BF4B-00C04F79EFBC}") = "Roboti", "Roboti\Roboti.csproj", "{D4EBDC50-3BAD-4C81-863E-061386F9B848}"
EndProject
Project("{FAE04EC0-301F-11D3-BF4B-00C04F79EFBC}") = "Pocetni", "Pocetni\Pocetni.csproj", "{B49242B7-B057-48FC-AE7C-63106DBEE8FC}"
EndProject
Project("{FAE04EC0-301F-11D3-BF4B-00C04F79EFBC}") = "BoovaIgra", "BoovaIgra\BoovaIgra.csproj", "{7A5E0060-F36C-4ED2-82BF-227A050DA999}"
EndProject
Project("{FAE04EC0-301F-11D3-BF4B-00C04F79EFBC}") = "Fabrika", "Fabrika\Fabrika.csproj", "{3EB8B82A-409E-48EF-BA48-EBB2768A6663}"
EndProject
Global
	GlobalSection(SolutionConfigurationPlatforms) = preSolution
		Debug|Any CPU = Debug|Any CPU
		Release|Any CPU = Release|Any CPU
	EndGlobalSection
	GlobalSection(ProjectConfigurationPlatforms) = postSolution
		{865907E1-8BAA-4BD3-9683-1D430595E31E}.Debug|Any CPU.ActiveCfg = Debug|Any CPU
		{865907E1-8BAA-4BD3-9683-1D430595E31E}.Debug|Any CPU.Build.0 = Debug|Any CPU
		{865907E1-8BAA-4BD3-9683-1D430595E31E}.Release|Any CPU.ActiveCfg = Release|Any CPU
		{865907E1-8BAA-4BD3-9683-1D430595E31E}.Release|Any CPU.Build.0 = Release|Any CPU
		{D4EBDC50-3BAD-4C81-863E-061386F9B848}.Debug|Any CPU.ActiveCfg = Debug|Any CPU
		{D4EBDC50-3BAD-4C81-863E-061386F9B848}.Debug|Any CPU.Build.0 = Debug|Any CPU
		{D4EBDC50-3BAD-4C81-863E-061386F9B848}.Release|Any CPU.ActiveCfg = Release|Any CPU
		{D4EBDC50-3BAD-4C81-863E-061386F9B848}.Release|Any CPU.Build.0 = Release|Any CPU
		{B49242B7-B057-48FC-AE7C-63106DBEE8FC}.Debug|Any CPU.ActiveCfg = Debug|Any CPU
		{B49242B7-B057-48FC-AE7C-63106DBEE8FC}.Debug|Any CPU.Build.0 = Debug|Any CPU
		{B49242B7-B057-48FC-AE7C-63106DBEE8FC}.Release|Any CPU.ActiveCfg = Release|Any CPU
		{B49242B7-B057-48FC-AE7C-63106DBEE8FC}.Release|Any CPU.Build.0 = Release|Any CPU
		{7A5E0060-F36C-4ED2-82BF-227A050DA999}.Debug|Any CPU.ActiveCfg = Debug|Any CPU
		{7A5E0060-F36C-4ED2-82BF-227A050DA999}.Debug|Any CPU.Build.0 = Debug|Any CPU
		{7A5E0060-F36C-4ED2-82BF-227A050DA999}.Release|Any CPU.ActiveCfg = Release|Any CPU
		{7A5E0060-F36C-4ED2-82BF-227A050DA999}.Release|Any CPU.Build.0 = Release|Any CPU
		{3EB8B82A-409E-48EF-BA48-EBB2768A6663}.Debug|Any CPU.ActiveCfg = Debug|Any CPU
		{3EB8B82A-409E-48EF-BA48-EBB2768A6663}.Debug|Any CPU.Build.0 = Debug|Any CPU
		{3EB8B82A-409E-48EF-BA48-EBB2768A6663}.Release|Any CPU.ActiveCfg = Release|Any CPU
		{3EB8B82A-409E-48EF-BA48-EBB2768A6663}.Release|Any CPU.Build.0 = Release|Any CPU
	EndGlobalSection
	GlobalSection(SolutionProperties) = preSolution
		HideSolutionNode = FALSE
	EndGlobalSection
	GlobalSection(ExtensibilityGlobals) = postSolution
		SolutionGuid = {F7B89C93-0483-444E-B29F-F85337D1E683}
	EndGlobalSection
EndGlobal
